
Microsoft Visual Studio Solution File, Format Version 12.00
# Visual Studio Version 17
VisualStudioVersion = 17.4.33110.190
MinimumVisualStudioVersion = 10.0.40219.1
Project("{FAE04EC0-301F-11D3-BF4B-00C04F79EFBC}") = "ENS_MobileCenter.Android", "ENS_MobileCenter\ENS_MobileCenter.Android\ENS_MobileCenter.Android.csproj", "{5DE2ABEC-49EA-49BB-854E-6928570038BA}"
EndProject
Project("{FAE04EC0-301F-11D3-BF4B-00C04F79EFBC}") = "ENS_MobileCenter.iOS", "ENS_MobileCenter\ENS_MobileCenter.iOS\ENS_MobileCenter.iOS.csproj", "{3C3E1C3A-916E-4017-A065-AFE2CB62E6C2}"
EndProject
Project("{9A19103F-16F7-4668-BE54-9A1E7A4F7556}") = "ENS_MobileCenter", "ENS_MobileCenter\ENS_MobileCenter\ENS_MobileCenter.csproj", "{B4440A4F-2FC2-40E8-BA94-7599D106289E}"
EndProject
Project("{2150E333-8FDC-42A3-9474-1A3956D46DE8}") = "솔루션 항목", "솔루션 항목", "{7FD7E965-136F-4A86-B979-248CBFB9C9B8}"
EndProject
Project("{2150E333-8FDC-42A3-9474-1A3956D46DE8}") = "Images", "Images", "{CB9EC7C6-02FD-455D-ACA8-F5D7DA1FBA5A}"
	ProjectSection(SolutionItems) = preProject
		ENS_MobileCenter\ENS_MobileCenter.Android\Resources\drawable\Logo.png = ENS_MobileCenter\ENS_MobileCenter.Android\Resources\drawable\Logo.png
	EndProjectSection
EndProject
Global
	GlobalSection(SolutionConfigurationPlatforms) = preSolution
		Debug|Any CPU = Debug|Any CPU
		Debug|ARM = Debug|ARM
		Debug|iPhone = Debug|iPhone
		Debug|iPhoneSimulator = Debug|iPhoneSimulator
		Debug|x64 = Debug|x64
		Debug|x86 = Debug|x86
		Release|Any CPU = Release|Any CPU
		Release|ARM = Release|ARM
		Release|iPhone = Release|iPhone
		Release|iPhoneSimulator = Release|iPhoneSimulator
		Release|x64 = Release|x64
		Release|x86 = Release|x86
	EndGlobalSection
	GlobalSection(ProjectConfigurationPlatforms) = postSolution
		{5DE2ABEC-49EA-49BB-854E-6928570038BA}.Debug|Any CPU.ActiveCfg = Debug|Any CPU
		{5DE2ABEC-49EA-49BB-854E-6928570038BA}.Debug|Any CPU.Build.0 = Debug|Any CPU
		{5DE2ABEC-49EA-49BB-854E-6928570038BA}.Debug|Any CPU.Deploy.0 = Debug|Any CPU
		{5DE2ABEC-49EA-49BB-854E-6928570038BA}.Debug|ARM.ActiveCfg = Debug|Any CPU
		{5DE2ABEC-49EA-49BB-854E-6928570038BA}.Debug|ARM.Build.0 = Debug|Any CPU
		{5DE2ABEC-49EA-49BB-854E-6928570038BA}.Debug|ARM.Deploy.0 = Debug|Any CPU
		{5DE2ABEC-49EA-49BB-854E-6928570038BA}.Debug|iPhone.ActiveCfg = Debug|Any CPU
		{5DE2ABEC-49EA-49BB-854E-6928570038BA}.Debug|iPhone.Build.0 = Debug|Any CPU
		{5DE2ABEC-49EA-49BB-854E-6928570038BA}.Debug|iPhone.Deploy.0 = Debug|Any CPU
		{5DE2ABEC-49EA-49BB-854E-6928570038BA}.Debug|iPhoneSimulator.ActiveCfg = Debug|Any CPU
		{5DE2ABEC-49EA-49BB-854E-6928570038BA}.Debug|iPhoneSimulator.Build.0 = Debug|Any CPU
		{5DE2ABEC-49EA-49BB-854E-6928570038BA}.Debug|iPhoneSimulator.Deploy.0 = Debug|Any CPU
		{5DE2ABEC-49EA-49BB-854E-6928570038BA}.Debug|x64.ActiveCfg = Debug|Any CPU
		{5DE2ABEC-49EA-49BB-854E-6928570038BA}.Debug|x64.Build.0 = Debug|Any CPU
		{5DE2ABEC-49EA-49BB-854E-6928570038BA}.Debug|x64.Deploy.0 = Debug|Any CPU
		{5DE2ABEC-49EA-49BB-854E-6928570038BA}.Debug|x86.ActiveCfg = Debug|Any CPU
		{5DE2ABEC-49EA-49BB-854E-6928570038BA}.Debug|x86.Build.0 = Debug|Any CPU
		{5DE2ABEC-49EA-49BB-854E-6928570038BA}.Debug|x86.Deploy.0 = Debug|Any CPU
		{5DE2ABEC-49EA-49BB-854E-6928570038BA}.Release|Any CPU.ActiveCfg = Release|Any CPU
		{5DE2ABEC-49EA-49BB-854E-6928570038BA}.Release|Any CPU.Build.0 = Release|Any CPU
		{5DE2ABEC-49EA-49BB-854E-6928570038BA}.Release|Any CPU.Deploy.0 = Release|Any CPU
		{5DE2ABEC-49EA-49BB-854E-6928570038BA}.Release|ARM.ActiveCfg = Release|Any CPU
		{5DE2ABEC-49EA-49BB-854E-6928570038BA}.Release|ARM.Build.0 = Release|Any CPU
		{5DE2ABEC-49EA-49BB-854E-6928570038BA}.Release|ARM.Deploy.0 = Release|Any CPU
		{5DE2ABEC-49EA-49BB-854E-6928570038BA}.Release|iPhone.ActiveCfg = Release|Any CPU
		{5DE2ABEC-49EA-49BB-854E-6928570038BA}.Release|iPhone.Build.0 = Release|Any CPU
		{5DE2ABEC-49EA-49BB-854E-6928570038BA}.Release|iPhone.Deploy.0 = Release|Any CPU
		{5DE2ABEC-49EA-49BB-854E-6928570038BA}.Release|iPhoneSimulator.ActiveCfg = Release|Any CPU
		{5DE2ABEC-49EA-49BB-854E-6928570038BA}.Release|iPhoneSimulator.Build.0 = Release|Any CPU
		{5DE2ABEC-49EA-49BB-854E-6928570038BA}.Release|iPhoneSimulator.Deploy.0 = Release|Any CPU
		{5DE2ABEC-49EA-49BB-854E-6928570038BA}.Release|x64.ActiveCfg = Release|Any CPU
		{5DE2ABEC-49EA-49BB-854E-6928570038BA}.Release|x64.Build.0 = Release|Any CPU
		{5DE2ABEC-49EA-49BB-854E-6928570038BA}.Release|x64.Deploy.0 = Release|Any CPU
		{5DE2ABEC-49EA-49BB-854E-6928570038BA}.Release|x86.ActiveCfg = Release|Any CPU
		{5DE2ABEC-49EA-49BB-854E-6928570038BA}.Release|x86.Build.0 = Release|Any CPU
		{5DE2ABEC-49EA-49BB-854E-6928570038BA}.Release|x86.Deploy.0 = Release|Any CPU
		{3C3E1C3A-916E-4017-A065-AFE2CB62E6C2}.Debug|Any CPU.ActiveCfg = Debug|iPhone
		{3C3E1C3A-916E-4017-A065-AFE2CB62E6C2}.Debug|Any CPU.Build.0 = Debug|iPhone
		{3C3E1C3A-916E-4017-A065-AFE2CB62E6C2}.Debug|Any CPU.Deploy.0 = Debug|iPhone
		{3C3E1C3A-916E-4017-A065-AFE2CB62E6C2}.Debug|ARM.ActiveCfg = Debug|iPhoneSimulator
		{3C3E1C3A-916E-4017-A065-AFE2CB62E6C2}.Debug|ARM.Build.0 = Debug|iPhoneSimulator
		{3C3E1C3A-916E-4017-A065-AFE2CB62E6C2}.Debug|iPhone.ActiveCfg = Debug|iPhone
		{3C3E1C3A-916E-4017-A065-AFE2CB62E6C2}.Debug|iPhone.Build.0 = Debug|iPhone
		{3C3E1C3A-916E-4017-A065-AFE2CB62E6C2}.Debug|iPhone.Deploy.0 = Debug|iPhone
		{3C3E1C3A-916E-4017-A065-AFE2CB62E6C2}.Debug|iPhoneSimulator.ActiveCfg = Debug|iPhoneSimulator
		{3C3E1C3A-916E-4017-A065-AFE2CB62E6C2}.Debug|iPhoneSimulator.Build.0 = Debug|iPhoneSimulator
		{3C3E1C3A-916E-4017-A065-AFE2CB62E6C2}.Debug|iPhoneSimulator.Deploy.0 = Debug|iPhoneSimulator
		{3C3E1C3A-916E-4017-A065-AFE2CB62E6C2}.Debug|x64.ActiveCfg = Debug|iPhoneSimulator
		{3C3E1C3A-916E-4017-A065-AFE2CB62E6C2}.Debug|x64.Build.0 = Debug|iPhoneSimulator
		{3C3E1C3A-916E-4017-A065-AFE2CB62E6C2}.Debug|x86.ActiveCfg = Debug|iPhoneSimulator
		{3C3E1C3A-916E-4017-A065-AFE2CB62E6C2}.Debug|x86.Build.0 = Debug|iPhoneSimulator
		{3C3E1C3A-916E-4017-A065-AFE2CB62E6C2}.Release|Any CPU.ActiveCfg = Release|iPhoneSimulator
		{3C3E1C3A-916E-4017-A065-AFE2CB62E6C2}.Release|Any CPU.Build.0 = Release|iPhoneSimulator
		{3C3E1C3A-916E-4017-A065-AFE2CB62E6C2}.Release|Any CPU.Deploy.0 = Release|iPhoneSimulator
		{3C3E1C3A-916E-4017-A065-AFE2CB62E6C2}.Release|ARM.ActiveCfg = Release|iPhone
		{3C3E1C3A-916E-4017-A065-AFE2CB62E6C2}.Release|ARM.Build.0 = Release|iPhone
		{3C3E1C3A-916E-4017-A065-AFE2CB62E6C2}.Release|iPhone.ActiveCfg = Release|iPhone
		{3C3E1C3A-916E-4017-A065-AFE2CB62E6C2}.Release|iPhone.Build.0 = Release|iPhone
		{3C3E1C3A-916E-4017-A065-AFE2CB62E6C2}.Release|iPhone.Deploy.0 = Release|iPhone
		{3C3E1C3A-916E-4017-A065-AFE2CB62E6C2}.Release|iPhoneSimulator.ActiveCfg = Release|iPhoneSimulator
		{3C3E1C3A-916E-4017-A065-AFE2CB62E6C2}.Release|iPhoneSimulator.Build.0 = Release|iPhoneSimulator
		{3C3E1C3A-916E-4017-A065-AFE2CB62E6C2}.Release|iPhoneSimulator.Deploy.0 = Release|iPhoneSimulator
		{3C3E1C3A-916E-4017-A065-AFE2CB62E6C2}.Release|x64.ActiveCfg = Release|iPhone
		{3C3E1C3A-916E-4017-A065-AFE2CB62E6C2}.Release|x64.Build.0 = Release|iPhone
		{3C3E1C3A-916E-4017-A065-AFE2CB62E6C2}.Release|x86.ActiveCfg = Release|iPhone
		{3C3E1C3A-916E-4017-A065-AFE2CB62E6C2}.Release|x86.Build.0 = Release|iPhone
		{B4440A4F-2FC2-40E8-BA94-7599D106289E}.Debug|Any CPU.ActiveCfg = Debug|Any CPU
		{B4440A4F-2FC2-40E8-BA94-7599D106289E}.Debug|Any CPU.Build.0 = Debug|Any CPU
		{B4440A4F-2FC2-40E8-BA94-7599D106289E}.Debug|Any CPU.Deploy.0 = Debug|Any CPU
		{B4440A4F-2FC2-40E8-BA94-7599D106289E}.Debug|ARM.ActiveCfg = Debug|Any CPU
		{B4440A4F-2FC2-40E8-BA94-7599D106289E}.Debug|ARM.Build.0 = Debug|Any CPU
		{B4440A4F-2FC2-40E8-BA94-7599D106289E}.Debug|iPhone.ActiveCfg = Debug|Any CPU
		{B4440A4F-2FC2-40E8-BA94-7599D106289E}.Debug|iPhone.Build.0 = Debug|Any CPU
		{B4440A4F-2FC2-40E8-BA94-7599D106289E}.Debug|iPhone.Deploy.0 = Debug|Any CPU
		{B4440A4F-2FC2-40E8-BA94-7599D106289E}.Debug|iPhoneSimulator.ActiveCfg = Debug|Any CPU
		{B4440A4F-2FC2-40E8-BA94-7599D106289E}.Debug|iPhoneSimulator.Build.0 = Debug|Any CPU
		{B4440A4F-2FC2-40E8-BA94-7599D106289E}.Debug|iPhoneSimulator.Deploy.0 = Debug|Any CPU
		{B4440A4F-2FC2-40E8-BA94-7599D106289E}.Debug|x64.ActiveCfg = Debug|Any CPU
		{B4440A4F-2FC2-40E8-BA94-7599D106289E}.Debug|x64.Build.0 = Debug|Any CPU
		{B4440A4F-2FC2-40E8-BA94-7599D106289E}.Debug|x86.ActiveCfg = Debug|Any CPU
		{B4440A4F-2FC2-40E8-BA94-7599D106289E}.Debug|x86.Build.0 = Debug|Any CPU
		{B4440A4F-2FC2-40E8-BA94-7599D106289E}.Release|Any CPU.ActiveCfg = Release|Any CPU
		{B4440A4F-2FC2-40E8-BA94-7599D106289E}.Release|Any CPU.Build.0 = Release|Any CPU
		{B4440A4F-2FC2-40E8-BA94-7599D106289E}.Release|Any CPU.Deploy.0 = Release|Any CPU
		{B4440A4F-2FC2-40E8-BA94-7599D106289E}.Release|ARM.ActiveCfg = Release|Any CPU
		{B4440A4F-2FC2-40E8-BA94-7599D106289E}.Release|ARM.Build.0 = Release|Any CPU
		{B4440A4F-2FC2-40E8-BA94-7599D106289E}.Release|iPhone.ActiveCfg = Release|Any CPU
		{B4440A4F-2FC2-40E8-BA94-7599D106289E}.Release|iPhone.Build.0 = Release|Any CPU
		{B4440A4F-2FC2-40E8-BA94-7599D106289E}.Release|iPhone.Deploy.0 = Release|Any CPU
		{B4440A4F-2FC2-40E8-BA94-7599D106289E}.Release|iPhoneSimulator.ActiveCfg = Release|Any CPU
		{B4440A4F-2FC2-40E8-BA94-7599D106289E}.Release|iPhoneSimulator.Build.0 = Release|Any CPU
		{B4440A4F-2FC2-40E8-BA94-7599D106289E}.Release|iPhoneSimulator.Deploy.0 = Release|Any CPU
		{B4440A4F-2FC2-40E8-BA94-7599D106289E}.Release|x64.ActiveCfg = Release|Any CPU
		{B4440A4F-2FC2-40E8-BA94-7599D106289E}.Release|x64.Build.0 = Release|Any CPU
		{B4440A4F-2FC2-40E8-BA94-7599D106289E}.Release|x86.ActiveCfg = Release|Any CPU
		{B4440A4F-2FC2-40E8-BA94-7599D106289E}.Release|x86.Build.0 = Release|Any CPU
	EndGlobalSection
	GlobalSection(SolutionProperties) = preSolution
		HideSolutionNode = FALSE
	EndGlobalSection
	GlobalSection(ExtensibilityGlobals) = postSolution
		SolutionGuid = {DFBDB42D-EDEF-406A-A9DC-3AAAAEE65A58}
	EndGlobalSection
EndGlobal
